
Microsoft Visual Studio Solution File, Format Version 12.00
# Visual Studio Version 16
VisualStudioVersion = 16.0.30413.136
MinimumVisualStudioVersion = 10.0.40219.1
Project("{FAE04EC0-301F-11D3-BF4B-00C04F79EFBC}") = "FeleviEredmenyek", "FeleviEredmenyek\FeleviEredmenyek.csproj", "{833191A4-9FEB-4B4B-9B65-865150D389DB}"
EndProject
Global
	GlobalSection(SolutionConfigurationPlatforms) = preSolution
		Debug|Any CPU = Debug|Any CPU
		Release|Any CPU = Release|Any CPU
	EndGlobalSection
	GlobalSection(ProjectConfigurationPlatforms) = postSolution
		{833191A4-9FEB-4B4B-9B65-865150D389DB}.Debug|Any CPU.ActiveCfg = Debug|Any CPU
		{833191A4-9FEB-4B4B-9B65-865150D389DB}.Debug|Any CPU.Build.0 = Debug|Any CPU
		{833191A4-9FEB-4B4B-9B65-865150D389DB}.Release|Any CPU.ActiveCfg = Release|Any CPU
		{833191A4-9FEB-4B4B-9B65-865150D389DB}.Release|Any CPU.Build.0 = Release|Any CPU
	EndGlobalSection
	GlobalSection(SolutionProperties) = preSolution
		HideSolutionNode = FALSE
	EndGlobalSection
	GlobalSection(ExtensibilityGlobals) = postSolution
		SolutionGuid = {CFAC44BE-06D5-4295-8CC4-BBCDE2EAC66C}
	EndGlobalSection
EndGlobal
